
Microsoft Visual Studio Solution File, Format Version 12.00
# Visual Studio Version 17
VisualStudioVersion = 17.5.002.0
MinimumVisualStudioVersion = 10.0.40219.1
Project("{9A19103F-16F7-4668-BE54-9A1E7A4F7556}") = "MusicApi", "MusicApi.csproj", "{7C7140D8-2D8E-4C0D-B546-3B2001E3762B}"
EndProject
Global
	GlobalSection(SolutionConfigurationPlatforms) = preSolution
		Debug|Any CPU = Debug|Any CPU
		Release|Any CPU = Release|Any CPU
	EndGlobalSection
	GlobalSection(ProjectConfigurationPlatforms) = postSolution
		{7C7140D8-2D8E-4C0D-B546-3B2001E3762B}.Debug|Any CPU.ActiveCfg = Debug|Any CPU
		{7C7140D8-2D8E-4C0D-B546-3B2001E3762B}.Debug|Any CPU.Build.0 = Debug|Any CPU
		{7C7140D8-2D8E-4C0D-B546-3B2001E3762B}.Release|Any CPU.ActiveCfg = Release|Any CPU
		{7C7140D8-2D8E-4C0D-B546-3B2001E3762B}.Release|Any CPU.Build.0 = Release|Any CPU
	EndGlobalSection
	GlobalSection(SolutionProperties) = preSolution
		HideSolutionNode = FALSE
	EndGlobalSection
	GlobalSection(ExtensibilityGlobals) = postSolution
		SolutionGuid = {53E3AF32-FAB7-49B2-BDF2-CB2116090B1F}
	EndGlobalSection
EndGlobal
